{
  "name": "geotrekrando",
  "version": "2.8.1",
  "dependencies": {
    "angular": {
      "version": "1.4.9",
      "from": "angular@1.4.9",
      "resolved": "https://registry.npmjs.org/angular/-/angular-1.4.9.tgz"
    },
    "angular-bootstrap": {
      "version": "0.12.2",
      "from": "angular-bootstrap@0.12.2",
      "resolved": "https://registry.npmjs.org/angular-bootstrap/-/angular-bootstrap-0.12.2.tgz"
    },
    "angular-google-analytics": {
      "version": "0.0.15",
      "from": "angular-google-analytics@0.0.15",
      "resolved": "https://registry.npmjs.org/angular-google-analytics/-/angular-google-analytics-0.0.15.tgz"
    },
    "angular-mocks": {
      "version": "1.5.0",
      "from": "angular-mocks@1.5.0",
      "resolved": "https://registry.npmjs.org/angular-mocks/-/angular-mocks-1.5.0.tgz"
    },
    "angular-resource": {
      "version": "1.5.0",
      "from": "angular-resource@1.5.0",
      "resolved": "https://registry.npmjs.org/angular-resource/-/angular-resource-1.5.0.tgz"
    },
    "angular-translate": {
      "version": "2.9.0",
      "from": "angular-translate@2.9.0",
      "resolved": "https://registry.npmjs.org/angular-translate/-/angular-translate-2.9.0.tgz",
      "dependencies": {
        "angular": {
          "version": "1.5.0",
          "from": "angular@>=1.2.26 <1.6.0",
          "resolved": "https://registry.npmjs.org/angular/-/angular-1.5.0.tgz"
        }
      }
    },
    "angular-ui-router": {
      "version": "0.2.18",
      "from": "angular-ui-router@0.2.18",
      "resolved": "https://registry.npmjs.org/angular-ui-router/-/angular-ui-router-0.2.18.tgz",
      "dependencies": {
        "angular": {
          "version": "1.5.0",
          "from": "angular@>=1.0.8 <2.0.0",
          "resolved": "https://registry.npmjs.org/angular/-/angular-1.5.0.tgz"
        }
      }
    },
    "bootstrap-daterangepicker": {
      "version": "2.1.17",
      "from": "git+https://github.com/dangrossman/bootstrap-daterangepicker.git#2dc0523f351da6d467301b456e6d3ff6c5ec",
      "resolved": "git+https://github.com/dangrossman/bootstrap-daterangepicker.git#2dc0523f351da6d467301b456e6d3ff6c5ec58a1",
      "dependencies": {
        "jquery": {
          "version": "1.12.0",
          "from": "jquery@>=1.10.0 <2.0.0",
          "resolved": "https://registry.npmjs.org/jquery/-/jquery-1.12.0.tgz"
        },
        "moment": {
          "version": "2.11.2",
          "from": "moment@>=2.9.0 <3.0.0",
          "resolved": "https://registry.npmjs.org/moment/-/moment-2.11.2.tgz"
        }
      }
    },
    "bootstrap-sass": {
      "version": "3.3.6",
      "from": "bootstrap-sass@3.3.6",
      "resolved": "https://registry.npmjs.org/bootstrap-sass/-/bootstrap-sass-3.3.6.tgz"
    },
    "bowser": {
      "version": "1.0.0",
      "from": "bowser@1.0.0",
      "resolved": "https://registry.npmjs.org/bowser/-/bowser-1.0.0.tgz"
    },
    "classlist-polyfill": {
      "version": "1.0.2",
      "from": "classlist-polyfill@1.0.2",
      "resolved": "https://registry.npmjs.org/classlist-polyfill/-/classlist-polyfill-1.0.2.tgz"
    },
    "font-awesome": {
      "version": "4.5.0",
      "from": "font-awesome@4.5.0",
      "resolved": "https://registry.npmjs.org/font-awesome/-/font-awesome-4.5.0.tgz"
    },
    "gulp-rename": {
      "version": "1.2.2",
      "from": "gulp-rename@1.2.2",
      "resolved": "https://registry.npmjs.org/gulp-rename/-/gulp-rename-1.2.2.tgz"
    },
    "jquery": {
      "version": "1.12.0",
      "from": "jquery@1.12.0",
      "resolved": "https://registry.npmjs.org/jquery/-/jquery-1.12.0.tgz"
    },
    "jquery.scrollto": {
      "version": "2.1.2",
      "from": "jquery.scrollto@2.1.2",
      "resolved": "https://registry.npmjs.org/jquery.scrollto/-/jquery.scrollto-2.1.2.tgz",
      "dependencies": {
        "jquery": {
          "version": "2.2.0",
          "from": "jquery@>=1.8.0",
          "resolved": "https://registry.npmjs.org/jquery/-/jquery-2.2.0.tgz"
        }
      }
    },
    "jusas-angularjs-slider": {
      "version": "0.1.21",
      "from": "git+https://github.com/makinacorpus/angularjs-slider.git#70d25f4643091160945ca38bb29fa692aca44ab9",
      "resolved": "git+https://github.com/makinacorpus/angularjs-slider.git#70d25f4643091160945ca38bb29fa692aca44ab9"
    },
    "leaflet": {
      "version": "0.7.7",
      "from": "leaflet@0.7.7",
      "resolved": "https://registry.npmjs.org/leaflet/-/leaflet-0.7.7.tgz"
    },
    "leaflet-active-area": {
      "version": "0.1.0",
      "from": "git+https://github.com/mappy/Leaflet-active-area.git#9dcbca1f1343c05612fb23f91e56f573357bcd0e",
      "resolved": "git+https://github.com/mappy/Leaflet-active-area.git#9dcbca1f1343c05612fb23f91e56f573357bcd0e"
    },
    "leaflet-ajax": {
      "version": "2.0.0",
      "from": "leaflet-ajax@2.0.0",
      "resolved": "https://registry.npmjs.org/leaflet-ajax/-/leaflet-ajax-2.0.0.tgz",
      "dependencies": {
        "lie": {
          "version": "3.0.2",
          "from": "lie@>=3.0.1 <4.0.0",
          "resolved": "https://registry.npmjs.org/lie/-/lie-3.0.2.tgz",
          "dependencies": {
            "es3ify": {
              "version": "0.1.4",
              "from": "es3ify@>=0.1.3 <0.2.0",
              "resolved": "https://registry.npmjs.org/es3ify/-/es3ify-0.1.4.tgz",
              "dependencies": {
                "esprima-fb": {
                  "version": "3001.1.0-dev-harmony-fb",
                  "from": "esprima-fb@>=3001.1.0-dev-harmony-fb <3001.2.0",
                  "resolved": "https://registry.npmjs.org/esprima-fb/-/esprima-fb-3001.0001.0000-dev-harmony-fb.tgz"
                },
                "jstransform": {
                  "version": "3.0.0",
                  "from": "jstransform@>=3.0.0 <3.1.0",
                  "resolved": "https://registry.npmjs.org/jstransform/-/jstransform-3.0.0.tgz",
                  "dependencies": {
                    "base62": {
                      "version": "0.1.1",
                      "from": "base62@0.1.1",
                      "resolved": "https://registry.npmjs.org/base62/-/base62-0.1.1.tgz"
                    },
                    "source-map": {
                      "version": "0.1.31",
                      "from": "source-map@0.1.31",
                      "resolved": "https://registry.npmjs.org/source-map/-/source-map-0.1.31.tgz",
                      "dependencies": {
                        "amdefine": {
                          "version": "1.0.0",
                          "from": "amdefine@>=0.0.4",
                          "resolved": "https://registry.npmjs.org/amdefine/-/amdefine-1.0.0.tgz"
                        }
                      }
                    }
                  }
                },
                "through": {
                  "version": "2.3.8",
                  "from": "through@>=2.3.4 <2.4.0",
                  "resolved": "https://registry.npmjs.org/through/-/through-2.3.8.tgz"
                }
              }
            },
            "immediate": {
              "version": "3.0.5",
              "from": "immediate@>=3.0.5 <3.1.0",
              "resolved": "https://registry.npmjs.org/immediate/-/immediate-3.0.5.tgz"
            },
            "inline-process-browser": {
              "version": "1.0.0",
              "from": "inline-process-browser@>=1.0.0 <2.0.0",
              "resolved": "https://registry.npmjs.org/inline-process-browser/-/inline-process-browser-1.0.0.tgz",
              "dependencies": {
                "falafel": {
                  "version": "1.2.0",
                  "from": "falafel@>=1.0.1 <2.0.0",
                  "resolved": "https://registry.npmjs.org/falafel/-/falafel-1.2.0.tgz",
                  "dependencies": {
                    "acorn": {
                      "version": "1.2.2",
                      "from": "acorn@>=1.0.3 <2.0.0",
                      "resolved": "https://registry.npmjs.org/acorn/-/acorn-1.2.2.tgz"
                    },
                    "foreach": {
                      "version": "2.0.5",
                      "from": "foreach@>=2.0.5 <3.0.0",
                      "resolved": "https://registry.npmjs.org/foreach/-/foreach-2.0.5.tgz"
                    },
                    "isarray": {
                      "version": "0.0.1",
                      "from": "isarray@0.0.1",
                      "resolved": "https://registry.npmjs.org/isarray/-/isarray-0.0.1.tgz"
                    },
                    "object-keys": {
                      "version": "1.0.9",
                      "from": "object-keys@>=1.0.6 <2.0.0",
                      "resolved": "https://registry.npmjs.org/object-keys/-/object-keys-1.0.9.tgz"
                    }
                  }
                },
                "through2": {
                  "version": "0.6.5",
                  "from": "through2@>=0.6.2 <0.7.0",
                  "resolved": "https://registry.npmjs.org/through2/-/through2-0.6.5.tgz",
                  "dependencies": {
                    "readable-stream": {
                      "version": "1.0.33",
                      "from": "readable-stream@>=1.0.33-1 <1.1.0-0",
                      "resolved": "https://registry.npmjs.org/readable-stream/-/readable-stream-1.0.33.tgz",
                      "dependencies": {
                        "core-util-is": {
                          "version": "1.0.2",
                          "from": "core-util-is@>=1.0.0 <1.1.0",
                          "resolved": "https://registry.npmjs.org/core-util-is/-/core-util-is-1.0.2.tgz"
                        },
                        "isarray": {
                          "version": "0.0.1",
                          "from": "isarray@0.0.1",
                          "resolved": "https://registry.npmjs.org/isarray/-/isarray-0.0.1.tgz"
                        },
                        "string_decoder": {
                          "version": "0.10.31",
                          "from": "string_decoder@>=0.10.0 <0.11.0",
                          "resolved": "https://registry.npmjs.org/string_decoder/-/string_decoder-0.10.31.tgz"
                        },
                        "inherits": {
                          "version": "2.0.1",
                          "from": "inherits@>=2.0.1 <2.1.0",
                          "resolved": "https://registry.npmjs.org/inherits/-/inherits-2.0.1.tgz"
                        }
                      }
                    },
                    "xtend": {
                      "version": "4.0.1",
                      "from": "xtend@>=4.0.0 <4.1.0-0",
                      "resolved": "https://registry.npmjs.org/xtend/-/xtend-4.0.1.tgz"
                    }
                  }
                }
              }
            },
            "unreachable-branch-transform": {
              "version": "0.3.0",
              "from": "unreachable-branch-transform@>=0.3.0 <0.4.0",
              "resolved": "https://registry.npmjs.org/unreachable-branch-transform/-/unreachable-branch-transform-0.3.0.tgz",
              "dependencies": {
                "esmangle-evaluator": {
                  "version": "1.0.0",
                  "from": "esmangle-evaluator@>=1.0.0 <2.0.0",
                  "resolved": "https://registry.npmjs.org/esmangle-evaluator/-/esmangle-evaluator-1.0.0.tgz"
                },
                "recast": {
                  "version": "0.10.43",
                  "from": "recast@>=0.10.1 <0.11.0",
                  "resolved": "https://registry.npmjs.org/recast/-/recast-0.10.43.tgz",
                  "dependencies": {
                    "esprima-fb": {
                      "version": "15001.1001.0-dev-harmony-fb",
                      "from": "esprima-fb@>=15001.1001.0-dev-harmony-fb <15001.1002.0",
                      "resolved": "https://registry.npmjs.org/esprima-fb/-/esprima-fb-15001.1001.0-dev-harmony-fb.tgz"
                    },
                    "source-map": {
                      "version": "0.5.3",
                      "from": "source-map@>=0.5.0 <0.6.0",
                      "resolved": "https://registry.npmjs.org/source-map/-/source-map-0.5.3.tgz"
                    },
                    "private": {
                      "version": "0.1.6",
                      "from": "private@>=0.1.5 <0.2.0",
                      "resolved": "https://registry.npmjs.org/private/-/private-0.1.6.tgz"
                    },
                    "ast-types": {
                      "version": "0.8.15",
                      "from": "ast-types@0.8.15",
                      "resolved": "https://registry.npmjs.org/ast-types/-/ast-types-0.8.15.tgz"
                    }
                  }
                },
                "through2": {
                  "version": "0.6.5",
                  "from": "through2@>=0.6.2 <0.7.0",
                  "resolved": "https://registry.npmjs.org/through2/-/through2-0.6.5.tgz",
                  "dependencies": {
                    "readable-stream": {
                      "version": "1.0.33",
                      "from": "readable-stream@>=1.0.33-1 <1.1.0-0",
                      "resolved": "https://registry.npmjs.org/readable-stream/-/readable-stream-1.0.33.tgz",
                      "dependencies": {
                        "core-util-is": {
                          "version": "1.0.2",
                          "from": "core-util-is@>=1.0.0 <1.1.0",
                          "resolved": "https://registry.npmjs.org/core-util-is/-/core-util-is-1.0.2.tgz"
                        },
                        "isarray": {
                          "version": "0.0.1",
                          "from": "isarray@0.0.1",
                          "resolved": "https://registry.npmjs.org/isarray/-/isarray-0.0.1.tgz"
                        },
                        "string_decoder": {
                          "version": "0.10.31",
                          "from": "string_decoder@>=0.10.0 <0.11.0",
                          "resolved": "https://registry.npmjs.org/string_decoder/-/string_decoder-0.10.31.tgz"
                        },
                        "inherits": {
                          "version": "2.0.1",
                          "from": "inherits@>=2.0.1 <2.1.0",
                          "resolved": "https://registry.npmjs.org/inherits/-/inherits-2.0.1.tgz"
                        }
                      }
                    },
                    "xtend": {
                      "version": "4.0.1",
                      "from": "xtend@>=4.0.0 <4.1.0-0",
                      "resolved": "https://registry.npmjs.org/xtend/-/xtend-4.0.1.tgz"
                    }
                  }
                }
              }
            }
          }
        }
      }
    },
    "leaflet-geometryutil": {
      "version": "0.4.0",
      "from": "git+https://github.com/makinacorpus/Leaflet.GeometryUtil.git#4097170a0e0b0f15c2029416dd589e0d6431e304",
      "resolved": "git+https://github.com/makinacorpus/Leaflet.GeometryUtil.git#4097170a0e0b0f15c2029416dd589e0d6431e304",
      "dependencies": {
        "leaflet": {
          "version": "0.7.7",
          "from": "leaflet@>=0.7.0 <0.8.0",
          "resolved": "https://registry.npmjs.org/leaflet/-/leaflet-0.7.7.tgz"
        }
      }
    },
    "leaflet-minimap": {
      "version": "3.0.0",
      "from": "git+https://github.com/Norkart/Leaflet-MiniMap.git#a2d92d04d9930ae8b480cd489333533b1c08612b",
      "resolved": "git+https://github.com/Norkart/Leaflet-MiniMap.git#a2d92d04d9930ae8b480cd489333533b1c08612b",
      "dependencies": {
        "leaflet": {
          "version": "0.7.7",
          "from": "leaflet@>=0.7.3",
          "resolved": "https://registry.npmjs.org/leaflet/-/leaflet-0.7.7.tgz"
        }
      }
    },
    "leaflet-textpath": {
      "version": "0.2.2",
      "from": "git+https://github.com/makinacorpus/Leaflet.TextPath.git#c45041b4687c8c46b9bb39b8f93623c933108d19",
      "resolved": "git+https://github.com/makinacorpus/Leaflet.TextPath.git#c45041b4687c8c46b9bb39b8f93623c933108d19",
      "dependencies": {
        "leaflet": {
          "version": "0.7.7",
          "from": "leaflet@*",
          "resolved": "https://registry.npmjs.org/leaflet/-/leaflet-0.7.7.tgz"
        }
      }
    },
    "leaflet.fullscreen": {
      "version": "1.3.0",
      "from": "leaflet.fullscreen@1.3.0",
      "resolved": "https://registry.npmjs.org/leaflet.fullscreen/-/leaflet.fullscreen-1.3.0.tgz"
    },
    "leaflet.markercluster": {
      "version": "0.4.0",
      "from": "leaflet.markercluster@0.4.0",
      "resolved": "https://registry.npmjs.org/leaflet.markercluster/-/leaflet.markercluster-0.4.0.tgz",
      "dependencies": {
        "leaflet": {
          "version": "0.7.7",
          "from": "leaflet@>=0.7.1 <0.8.0",
          "resolved": "https://registry.npmjs.org/leaflet/-/leaflet-0.7.7.tgz"
        }
      }
    },
    "lodash": {
      "version": "2.4.2",
      "from": "lodash@2.4.2",
      "resolved": "https://registry.npmjs.org/lodash/-/lodash-2.4.2.tgz"
    },
    "lodash.assign": {
      "version": "4.0.2",
      "from": "lodash.assign@4.0.2",
      "resolved": "https://registry.npmjs.org/lodash.assign/-/lodash.assign-4.0.2.tgz",
      "dependencies": {
        "lodash.keys": {
          "version": "4.0.2",
          "from": "lodash.keys@>=4.0.0 <5.0.0",
          "resolved": "https://registry.npmjs.org/lodash.keys/-/lodash.keys-4.0.2.tgz"
        },
        "lodash.rest": {
          "version": "4.0.1",
          "from": "lodash.rest@>=4.0.0 <5.0.0",
          "resolved": "https://registry.npmjs.org/lodash.rest/-/lodash.rest-4.0.1.tgz"
        }
      }
    },
    "moment": {
      "version": "2.11.2",
      "from": "moment@2.11.2",
      "resolved": "https://registry.npmjs.org/moment/-/moment-2.11.2.tgz"
    },
    "rando3D": {
      "version": "1.3.0",
      "from": "git+https://github.com/makinacorpus/rando3D.git#950adf9bd5d9356ba9caf3991938c8dd82a9ccdd",
      "resolved": "git+https://github.com/makinacorpus/rando3D.git#950adf9bd5d9356ba9caf3991938c8dd82a9ccdd",
      "dependencies": {
        "babylonjs": {
          "version": "1.13.3",
          "from": "babylonjs@>=1.13.3 <1.14.0",
          "resolved": "https://registry.npmjs.org/babylonjs/-/babylonjs-1.13.3.tgz"
        },
        "gsap": {
          "version": "1.16.1",
          "from": "gsap@>=1.16.1 <1.17.0",
          "resolved": "https://registry.npmjs.org/gsap/-/gsap-1.16.1.tgz"
        },
        "jquery": {
          "version": "1.12.0",
          "from": "jquery@>=1.0.0 <2.0.0",
          "resolved": "https://registry.npmjs.org/jquery/-/jquery-1.12.0.tgz"
        },
        "lodash": {
          "version": "3.10.1",
          "from": "lodash@>=3.0.0 <4.0.0",
          "resolved": "https://registry.npmjs.org/lodash/-/lodash-3.10.1.tgz"
        }
      }
    },
    "vinyl-buffer": {
      "version": "1.0.0",
      "from": "vinyl-buffer@1.0.0",
      "resolved": "https://registry.npmjs.org/vinyl-buffer/-/vinyl-buffer-1.0.0.tgz",
      "dependencies": {
        "bl": {
          "version": "0.9.5",
          "from": "bl@>=0.9.1 <0.10.0",
          "resolved": "https://registry.npmjs.org/bl/-/bl-0.9.5.tgz",
          "dependencies": {
            "readable-stream": {
              "version": "1.0.33",
              "from": "readable-stream@>=1.0.26 <1.1.0",
              "resolved": "https://registry.npmjs.org/readable-stream/-/readable-stream-1.0.33.tgz",
              "dependencies": {
                "core-util-is": {
                  "version": "1.0.2",
                  "from": "core-util-is@>=1.0.0 <1.1.0",
                  "resolved": "https://registry.npmjs.org/core-util-is/-/core-util-is-1.0.2.tgz"
                },
                "isarray": {
                  "version": "0.0.1",
                  "from": "isarray@0.0.1",
                  "resolved": "https://registry.npmjs.org/isarray/-/isarray-0.0.1.tgz"
                },
                "string_decoder": {
                  "version": "0.10.31",
                  "from": "string_decoder@>=0.10.0 <0.11.0",
                  "resolved": "https://registry.npmjs.org/string_decoder/-/string_decoder-0.10.31.tgz"
                },
                "inherits": {
                  "version": "2.0.1",
                  "from": "inherits@>=2.0.1 <2.1.0",
                  "resolved": "https://registry.npmjs.org/inherits/-/inherits-2.0.1.tgz"
                }
              }
            }
          }
        },
        "through2": {
          "version": "0.6.5",
          "from": "through2@>=0.6.1 <0.7.0",
          "resolved": "https://registry.npmjs.org/through2/-/through2-0.6.5.tgz",
          "dependencies": {
            "readable-stream": {
              "version": "1.0.33",
              "from": "readable-stream@>=1.0.33-1 <1.1.0-0",
              "resolved": "https://registry.npmjs.org/readable-stream/-/readable-stream-1.0.33.tgz",
              "dependencies": {
                "core-util-is": {
                  "version": "1.0.2",
                  "from": "core-util-is@>=1.0.0 <1.1.0",
                  "resolved": "https://registry.npmjs.org/core-util-is/-/core-util-is-1.0.2.tgz"
                },
                "isarray": {
                  "version": "0.0.1",
                  "from": "isarray@0.0.1",
                  "resolved": "https://registry.npmjs.org/isarray/-/isarray-0.0.1.tgz"
                },
                "string_decoder": {
                  "version": "0.10.31",
                  "from": "string_decoder@>=0.10.0 <0.11.0",
                  "resolved": "https://registry.npmjs.org/string_decoder/-/string_decoder-0.10.31.tgz"
                },
                "inherits": {
                  "version": "2.0.1",
                  "from": "inherits@>=2.0.0 <3.0.0",
                  "resolved": "https://registry.npmjs.org/inherits/-/inherits-2.0.1.tgz"
                }
              }
            },
            "xtend": {
              "version": "4.0.1",
              "from": "xtend@>=4.0.0 <4.1.0-0",
              "resolved": "https://registry.npmjs.org/xtend/-/xtend-4.0.1.tgz"
            }
          }
        }
      }
    },
    "vinyl-source-stream": {
      "version": "1.1.0",
      "from": "vinyl-source-stream@1.1.0",
      "resolved": "https://registry.npmjs.org/vinyl-source-stream/-/vinyl-source-stream-1.1.0.tgz",
      "dependencies": {
        "vinyl": {
          "version": "0.4.6",
          "from": "vinyl@>=0.4.3 <0.5.0",
          "resolved": "https://registry.npmjs.org/vinyl/-/vinyl-0.4.6.tgz",
          "dependencies": {
            "clone": {
              "version": "0.2.0",
              "from": "clone@>=0.2.0 <0.3.0",
              "resolved": "https://registry.npmjs.org/clone/-/clone-0.2.0.tgz"
            },
            "clone-stats": {
              "version": "0.0.1",
              "from": "clone-stats@>=0.0.1 <0.0.2",
              "resolved": "https://registry.npmjs.org/clone-stats/-/clone-stats-0.0.1.tgz"
            }
          }
        },
        "through2": {
          "version": "0.6.5",
          "from": "through2@>=0.6.1 <0.7.0",
          "resolved": "https://registry.npmjs.org/through2/-/through2-0.6.5.tgz",
          "dependencies": {
            "readable-stream": {
              "version": "1.0.33",
              "from": "readable-stream@>=1.0.17 <1.1.0",
              "resolved": "https://registry.npmjs.org/readable-stream/-/readable-stream-1.0.33.tgz",
              "dependencies": {
                "core-util-is": {
                  "version": "1.0.2",
                  "from": "core-util-is@>=1.0.0 <1.1.0",
                  "resolved": "https://registry.npmjs.org/core-util-is/-/core-util-is-1.0.2.tgz"
                },
                "isarray": {
                  "version": "0.0.1",
                  "from": "isarray@0.0.1",
                  "resolved": "https://registry.npmjs.org/isarray/-/isarray-0.0.1.tgz"
                },
                "string_decoder": {
                  "version": "0.10.31",
                  "from": "string_decoder@>=0.10.0 <0.11.0",
                  "resolved": "https://registry.npmjs.org/string_decoder/-/string_decoder-0.10.31.tgz"
                },
                "inherits": {
                  "version": "2.0.1",
                  "from": "inherits@>=2.0.0 <3.0.0",
                  "resolved": "https://registry.npmjs.org/inherits/-/inherits-2.0.1.tgz"
                }
              }
            },
            "xtend": {
              "version": "4.0.1",
              "from": "xtend@>=4.0.0 <4.1.0-0",
              "resolved": "https://registry.npmjs.org/xtend/-/xtend-4.0.1.tgz"
            }
          }
        }
      }
    }
  }
}
